
Microsoft Visual Studio Solution File, Format Version 12.00
# Visual Studio Version 16
VisualStudioVersion = 16.0.28729.10
MinimumVisualStudioVersion = 10.0.40219.1
Project("{FAE04EC0-301F-11D3-BF4B-00C04F79EFBC}") = "TareaProgramacion", "TareaProgramacion\TareaProgramacion.csproj", "{85757F97-E070-45DD-B827-FBE354E545D8}"
EndProject
Project("{FAE04EC0-301F-11D3-BF4B-00C04F79EFBC}") = "Domain", "Domain\Domain.csproj", "{3113A041-0D50-4A41-BFE4-10598D24654A}"
EndProject
Project("{FAE04EC0-301F-11D3-BF4B-00C04F79EFBC}") = "Infraestructure", "Infraestructure\Infraestructure.csproj", "{C2DB24D8-6334-4C47-9E2A-4FAB5B070A49}"
EndProject
Project("{FAE04EC0-301F-11D3-BF4B-00C04F79EFBC}") = "AppCore", "AppCore\AppCore.csproj", "{80B1AEB0-88BC-421E-8B6C-38A1D4F9E110}"
EndProject
Global
	GlobalSection(SolutionConfigurationPlatforms) = preSolution
		Debug|Any CPU = Debug|Any CPU
		Release|Any CPU = Release|Any CPU
	EndGlobalSection
	GlobalSection(ProjectConfigurationPlatforms) = postSolution
		{85757F97-E070-45DD-B827-FBE354E545D8}.Debug|Any CPU.ActiveCfg = Debug|Any CPU
		{85757F97-E070-45DD-B827-FBE354E545D8}.Debug|Any CPU.Build.0 = Debug|Any CPU
		{85757F97-E070-45DD-B827-FBE354E545D8}.Release|Any CPU.ActiveCfg = Release|Any CPU
		{85757F97-E070-45DD-B827-FBE354E545D8}.Release|Any CPU.Build.0 = Release|Any CPU
		{3113A041-0D50-4A41-BFE4-10598D24654A}.Debug|Any CPU.ActiveCfg = Debug|Any CPU
		{3113A041-0D50-4A41-BFE4-10598D24654A}.Debug|Any CPU.Build.0 = Debug|Any CPU
		{3113A041-0D50-4A41-BFE4-10598D24654A}.Release|Any CPU.ActiveCfg = Release|Any CPU
		{3113A041-0D50-4A41-BFE4-10598D24654A}.Release|Any CPU.Build.0 = Release|Any CPU
		{C2DB24D8-6334-4C47-9E2A-4FAB5B070A49}.Debug|Any CPU.ActiveCfg = Debug|Any CPU
		{C2DB24D8-6334-4C47-9E2A-4FAB5B070A49}.Debug|Any CPU.Build.0 = Debug|Any CPU
		{C2DB24D8-6334-4C47-9E2A-4FAB5B070A49}.Release|Any CPU.ActiveCfg = Release|Any CPU
		{C2DB24D8-6334-4C47-9E2A-4FAB5B070A49}.Release|Any CPU.Build.0 = Release|Any CPU
		{80B1AEB0-88BC-421E-8B6C-38A1D4F9E110}.Debug|Any CPU.ActiveCfg = Debug|Any CPU
		{80B1AEB0-88BC-421E-8B6C-38A1D4F9E110}.Debug|Any CPU.Build.0 = Debug|Any CPU
		{80B1AEB0-88BC-421E-8B6C-38A1D4F9E110}.Release|Any CPU.ActiveCfg = Release|Any CPU
		{80B1AEB0-88BC-421E-8B6C-38A1D4F9E110}.Release|Any CPU.Build.0 = Release|Any CPU
	EndGlobalSection
	GlobalSection(SolutionProperties) = preSolution
		HideSolutionNode = FALSE
	EndGlobalSection
	GlobalSection(ExtensibilityGlobals) = postSolution
		SolutionGuid = {78E7413B-7065-491F-B667-C57515D067A5}
	EndGlobalSection
EndGlobal
